
Microsoft Visual Studio Solution File, Format Version 12.00
# Visual Studio Version 17
VisualStudioVersion = 17.10.34607.79
MinimumVisualStudioVersion = 10.0.40219.1
Project("{FAE04EC0-301F-11D3-BF4B-00C04F79EFBC}") = "FirstSection-IntroductionToCSharp", "FirstSection-IntroductionToCSharp\FirstSection-IntroductionToCSharp.csproj", "{93DF17FC-DD05-4F5E-B441-B1723EAAB584}"
EndProject
Global
	GlobalSection(SolutionConfigurationPlatforms) = preSolution
		Debug|Any CPU = Debug|Any CPU
		Release|Any CPU = Release|Any CPU
	EndGlobalSection
	GlobalSection(ProjectConfigurationPlatforms) = postSolution
		{93DF17FC-DD05-4F5E-B441-B1723EAAB584}.Debug|Any CPU.ActiveCfg = Debug|Any CPU
		{93DF17FC-DD05-4F5E-B441-B1723EAAB584}.Debug|Any CPU.Build.0 = Debug|Any CPU
		{93DF17FC-DD05-4F5E-B441-B1723EAAB584}.Release|Any CPU.ActiveCfg = Release|Any CPU
		{93DF17FC-DD05-4F5E-B441-B1723EAAB584}.Release|Any CPU.Build.0 = Release|Any CPU
	EndGlobalSection
	GlobalSection(SolutionProperties) = preSolution
		HideSolutionNode = FALSE
	EndGlobalSection
	GlobalSection(ExtensibilityGlobals) = postSolution
		SolutionGuid = {F80CDD40-9B89-4425-A3A5-0AB44B7FFDC3}
	EndGlobalSection
EndGlobal
